{
  "name": "fake-package-workspace",
  "version": "1.0.0",
  "lockfileVersion": 1,
  "requires": true,
  "dependencies": {
    "boom": {
      "version": "5.2.0",
      "resolved": "https://registry.npmjs.org/boom/-/boom-5.2.0.tgz",
      "integrity": "sha512-Z5BTk6ZRe4tXXQlkqftmsAUANpXmuwlsF5Oov8ThoMbQRzdGTA1ngYRW160GexgOgjsFOKJz0LYhoNi+2AMBUw==",
      "requires": {
        "hoek": "4.x.x"
      }
    },
    "cryptiles": {
      "version": "4.0.0",
      "resolved": "https://registry.npmjs.org/cryptiles/-/cryptiles-4.0.0.tgz",
      "integrity": "sha512-ml4jdwNt7N53+cHW3bpEJUs3+XSZ2ftTJYWLvqvdcWZnh0Igh2NYtmlmVnE6pvu0CoYol3Mas0gWE0kthw7RVg==",
      "requires": {
        "boom": "5.x.x"
      }
    },
    "hoek": {
      "version": "4.2.1",
      "resolved": "https://registry.npmjs.org/hoek/-/hoek-4.2.1.tgz",
      "integrity": "sha512-QLg82fGkfnJ/4iy1xZ81/9SIJiq1NGFUMGs6ParyjBZr6jW2Ufj/snDqTHixNlHdPNwN2RLVD0Pi3igeK9+JfA=="
    }
  }
}
